
Microsoft Visual Studio Solution File, Format Version 12.00
# Visual Studio Version 17
VisualStudioVersion = 17.14.36623.8
MinimumVisualStudioVersion = 10.0.40219.1
Project("{FAE04EC0-301F-11D3-BF4B-00C04F79EFBC}") = "Products.Api", "ASPCoreWebAPI\Products.Api.csproj", "{4D0EA0D8-20F2-422D-A44B-1909E8F0BF4D}"
EndProject
Project("{FAE04EC0-301F-11D3-BF4B-00C04F79EFBC}") = "Products.Domain", "Products.Domain\Products.Domain.csproj", "{477A7557-338B-49B4-9FD4-203237B92DDF}"
EndProject
Project("{FAE04EC0-301F-11D3-BF4B-00C04F79EFBC}") = "Products.Application", "Products.Application\Products.Application.csproj", "{7131314E-8F9C-4E07-88BD-F18A5BC79199}"
EndProject
Project("{FAE04EC0-301F-11D3-BF4B-00C04F79EFBC}") = "Products.Infrastructure", "Products.Infrastructure\Products.Infrastructure.csproj", "{DF79FF6C-4980-48EA-A634-2E5A380731BC}"
EndProject
Global
	GlobalSection(SolutionConfigurationPlatforms) = preSolution
		Debug|Any CPU = Debug|Any CPU
		Release|Any CPU = Release|Any CPU
	EndGlobalSection
	GlobalSection(ProjectConfigurationPlatforms) = postSolution
		{4D0EA0D8-20F2-422D-A44B-1909E8F0BF4D}.Debug|Any CPU.ActiveCfg = Debug|Any CPU
		{4D0EA0D8-20F2-422D-A44B-1909E8F0BF4D}.Debug|Any CPU.Build.0 = Debug|Any CPU
		{4D0EA0D8-20F2-422D-A44B-1909E8F0BF4D}.Release|Any CPU.ActiveCfg = Release|Any CPU
		{4D0EA0D8-20F2-422D-A44B-1909E8F0BF4D}.Release|Any CPU.Build.0 = Release|Any CPU
		{477A7557-338B-49B4-9FD4-203237B92DDF}.Debug|Any CPU.ActiveCfg = Debug|Any CPU
		{477A7557-338B-49B4-9FD4-203237B92DDF}.Debug|Any CPU.Build.0 = Debug|Any CPU
		{477A7557-338B-49B4-9FD4-203237B92DDF}.Release|Any CPU.ActiveCfg = Release|Any CPU
		{477A7557-338B-49B4-9FD4-203237B92DDF}.Release|Any CPU.Build.0 = Release|Any CPU
		{7131314E-8F9C-4E07-88BD-F18A5BC79199}.Debug|Any CPU.ActiveCfg = Debug|Any CPU
		{7131314E-8F9C-4E07-88BD-F18A5BC79199}.Debug|Any CPU.Build.0 = Debug|Any CPU
		{7131314E-8F9C-4E07-88BD-F18A5BC79199}.Release|Any CPU.ActiveCfg = Release|Any CPU
		{7131314E-8F9C-4E07-88BD-F18A5BC79199}.Release|Any CPU.Build.0 = Release|Any CPU
		{DF79FF6C-4980-48EA-A634-2E5A380731BC}.Debug|Any CPU.ActiveCfg = Debug|Any CPU
		{DF79FF6C-4980-48EA-A634-2E5A380731BC}.Debug|Any CPU.Build.0 = Debug|Any CPU
		{DF79FF6C-4980-48EA-A634-2E5A380731BC}.Release|Any CPU.ActiveCfg = Release|Any CPU
		{DF79FF6C-4980-48EA-A634-2E5A380731BC}.Release|Any CPU.Build.0 = Release|Any CPU
	EndGlobalSection
	GlobalSection(SolutionProperties) = preSolution
		HideSolutionNode = FALSE
	EndGlobalSection
	GlobalSection(ExtensibilityGlobals) = postSolution
		SolutionGuid = {E3C070BE-6B93-43A2-9E72-0FEE07C7D07F}
	EndGlobalSection
EndGlobal
